
Microsoft Visual Studio Solution File, Format Version 12.00
# Visual Studio Version 16
VisualStudioVersion = 16.0.30413.136
MinimumVisualStudioVersion = 10.0.40219.1
Project("{FAE04EC0-301F-11D3-BF4B-00C04F79EFBC}") = "DataGridViewWithDataTable", "DataGridViewWithDataTable\DataGridViewWithDataTable.csproj", "{63C3E920-9CA3-4090-B85B-8F7AEAE1E053}"
EndProject
Global
	GlobalSection(SolutionConfigurationPlatforms) = preSolution
		Debug|Any CPU = Debug|Any CPU
		Release|Any CPU = Release|Any CPU
	EndGlobalSection
	GlobalSection(ProjectConfigurationPlatforms) = postSolution
		{63C3E920-9CA3-4090-B85B-8F7AEAE1E053}.Debug|Any CPU.ActiveCfg = Debug|Any CPU
		{63C3E920-9CA3-4090-B85B-8F7AEAE1E053}.Debug|Any CPU.Build.0 = Debug|Any CPU
		{63C3E920-9CA3-4090-B85B-8F7AEAE1E053}.Release|Any CPU.ActiveCfg = Release|Any CPU
		{63C3E920-9CA3-4090-B85B-8F7AEAE1E053}.Release|Any CPU.Build.0 = Release|Any CPU
	EndGlobalSection
	GlobalSection(SolutionProperties) = preSolution
		HideSolutionNode = FALSE
	EndGlobalSection
	GlobalSection(ExtensibilityGlobals) = postSolution
		SolutionGuid = {99D51847-AFF2-4FD2-B0BE-C01F661113B9}
	EndGlobalSection
EndGlobal
